
Microsoft Visual Studio Solution File, Format Version 12.00
# Visual Studio 15
VisualStudioVersion = 15.0.27323.2
MinimumVisualStudioVersion = 10.0.40219.1
Project("{FAE04EC0-301F-11D3-BF4B-00C04F79EFBC}") = "Lands.Android", "Lands\Lands.Android\Lands.Android.csproj", "{DA90E88C-F67D-433B-8989-C25F2281E3F1}"
EndProject
Project("{FAE04EC0-301F-11D3-BF4B-00C04F79EFBC}") = "Lands.iOS", "Lands\Lands.iOS\Lands.iOS.csproj", "{FD974DF5-A44B-43C8-A8BD-4BED121CBD2A}"
EndProject
Project("{FAE04EC0-301F-11D3-BF4B-00C04F79EFBC}") = "Lands.UWP", "Lands\Lands.UWP\Lands.UWP.csproj", "{402E4922-9DD7-46C3-B8C5-5CB2CE924862}"
EndProject
Project("{9A19103F-16F7-4668-BE54-9A1E7A4F7556}") = "Lands", "Lands\Lands\Lands.csproj", "{BE5FE476-6C33-409C-A923-430F9BC594D7}"
EndProject
Project("{FAE04EC0-301F-11D3-BF4B-00C04F79EFBC}") = "Lands.Domain", "Lands.Domain\Lands.Domain.csproj", "{C4990AFD-DABA-4E8F-9E53-3D0B2A1C13F4}"
EndProject
Project("{FAE04EC0-301F-11D3-BF4B-00C04F79EFBC}") = "Lands.BackEnd", "Lands.BackEnd\Lands.BackEnd.csproj", "{184A775B-C81A-4818-A988-2F76680C391A}"
EndProject
Project("{FAE04EC0-301F-11D3-BF4B-00C04F79EFBC}") = "Lands.API", "Lands.API\Lands.API.csproj", "{D7312869-7677-44FF-A2D6-8CAF123B3E0E}"
EndProject
Global
	GlobalSection(SolutionConfigurationPlatforms) = preSolution
		Ad-Hoc|Any CPU = Ad-Hoc|Any CPU
		Ad-Hoc|ARM = Ad-Hoc|ARM
		Ad-Hoc|iPhone = Ad-Hoc|iPhone
		Ad-Hoc|iPhoneSimulator = Ad-Hoc|iPhoneSimulator
		Ad-Hoc|x64 = Ad-Hoc|x64
		Ad-Hoc|x86 = Ad-Hoc|x86
		AppStore|Any CPU = AppStore|Any CPU
		AppStore|ARM = AppStore|ARM
		AppStore|iPhone = AppStore|iPhone
		AppStore|iPhoneSimulator = AppStore|iPhoneSimulator
		AppStore|x64 = AppStore|x64
		AppStore|x86 = AppStore|x86
		Debug|Any CPU = Debug|Any CPU
		Debug|ARM = Debug|ARM
		Debug|iPhone = Debug|iPhone
		Debug|iPhoneSimulator = Debug|iPhoneSimulator
		Debug|x64 = Debug|x64
		Debug|x86 = Debug|x86
		Release|Any CPU = Release|Any CPU
		Release|ARM = Release|ARM
		Release|iPhone = Release|iPhone
		Release|iPhoneSimulator = Release|iPhoneSimulator
		Release|x64 = Release|x64
		Release|x86 = Release|x86
	EndGlobalSection
	GlobalSection(ProjectConfigurationPlatforms) = postSolution
		{DA90E88C-F67D-433B-8989-C25F2281E3F1}.Ad-Hoc|Any CPU.ActiveCfg = Release|Any CPU
		{DA90E88C-F67D-433B-8989-C25F2281E3F1}.Ad-Hoc|Any CPU.Build.0 = Release|Any CPU
		{DA90E88C-F67D-433B-8989-C25F2281E3F1}.Ad-Hoc|Any CPU.Deploy.0 = Release|Any CPU
		{DA90E88C-F67D-433B-8989-C25F2281E3F1}.Ad-Hoc|ARM.ActiveCfg = Release|Any CPU
		{DA90E88C-F67D-433B-8989-C25F2281E3F1}.Ad-Hoc|ARM.Build.0 = Release|Any CPU
		{DA90E88C-F67D-433B-8989-C25F2281E3F1}.Ad-Hoc|ARM.Deploy.0 = Release|Any CPU
		{DA90E88C-F67D-433B-8989-C25F2281E3F1}.Ad-Hoc|iPhone.ActiveCfg = Release|Any CPU
		{DA90E88C-F67D-433B-8989-C25F2281E3F1}.Ad-Hoc|iPhone.Build.0 = Release|Any CPU
		{DA90E88C-F67D-433B-8989-C25F2281E3F1}.Ad-Hoc|iPhone.Deploy.0 = Release|Any CPU
		{DA90E88C-F67D-433B-8989-C25F2281E3F1}.Ad-Hoc|iPhoneSimulator.ActiveCfg = Release|Any CPU
		{DA90E88C-F67D-433B-8989-C25F2281E3F1}.Ad-Hoc|iPhoneSimulator.Build.0 = Release|Any CPU
		{DA90E88C-F67D-433B-8989-C25F2281E3F1}.Ad-Hoc|iPhoneSimulator.Deploy.0 = Release|Any CPU
		{DA90E88C-F67D-433B-8989-C25F2281E3F1}.Ad-Hoc|x64.ActiveCfg = Release|Any CPU
		{DA90E88C-F67D-433B-8989-C25F2281E3F1}.Ad-Hoc|x64.Build.0 = Release|Any CPU
		{DA90E88C-F67D-433B-8989-C25F2281E3F1}.Ad-Hoc|x64.Deploy.0 = Release|Any CPU
		{DA90E88C-F67D-433B-8989-C25F2281E3F1}.Ad-Hoc|x86.ActiveCfg = Release|Any CPU
		{DA90E88C-F67D-433B-8989-C25F2281E3F1}.Ad-Hoc|x86.Build.0 = Release|Any CPU
		{DA90E88C-F67D-433B-8989-C25F2281E3F1}.Ad-Hoc|x86.Deploy.0 = Release|Any CPU
		{DA90E88C-F67D-433B-8989-C25F2281E3F1}.AppStore|Any CPU.ActiveCfg = Release|Any CPU
		{DA90E88C-F67D-433B-8989-C25F2281E3F1}.AppStore|Any CPU.Build.0 = Release|Any CPU
		{DA90E88C-F67D-433B-8989-C25F2281E3F1}.AppStore|Any CPU.Deploy.0 = Release|Any CPU
		{DA90E88C-F67D-433B-8989-C25F2281E3F1}.AppStore|ARM.ActiveCfg = Release|Any CPU
		{DA90E88C-F67D-433B-8989-C25F2281E3F1}.AppStore|ARM.Build.0 = Release|Any CPU
		{DA90E88C-F67D-433B-8989-C25F2281E3F1}.AppStore|ARM.Deploy.0 = Release|Any CPU
		{DA90E88C-F67D-433B-8989-C25F2281E3F1}.AppStore|iPhone.ActiveCfg = Release|Any CPU
		{DA90E88C-F67D-433B-8989-C25F2281E3F1}.AppStore|iPhone.Build.0 = Release|Any CPU
		{DA90E88C-F67D-433B-8989-C25F2281E3F1}.AppStore|iPhone.Deploy.0 = Release|Any CPU
		{DA90E88C-F67D-433B-8989-C25F2281E3F1}.AppStore|iPhoneSimulator.ActiveCfg = Release|Any CPU
		{DA90E88C-F67D-433B-8989-C25F2281E3F1}.AppStore|iPhoneSimulator.Build.0 = Release|Any CPU
		{DA90E88C-F67D-433B-8989-C25F2281E3F1}.AppStore|iPhoneSimulator.Deploy.0 = Release|Any CPU
		{DA90E88C-F67D-433B-8989-C25F2281E3F1}.AppStore|x64.ActiveCfg = Release|Any CPU
		{DA90E88C-F67D-433B-8989-C25F2281E3F1}.AppStore|x64.Build.0 = Release|Any CPU
		{DA90E88C-F67D-433B-8989-C25F2281E3F1}.AppStore|x64.Deploy.0 = Release|Any CPU
		{DA90E88C-F67D-433B-8989-C25F2281E3F1}.AppStore|x86.ActiveCfg = Release|Any CPU
		{DA90E88C-F67D-433B-8989-C25F2281E3F1}.AppStore|x86.Build.0 = Release|Any CPU
		{DA90E88C-F67D-433B-8989-C25F2281E3F1}.AppStore|x86.Deploy.0 = Release|Any CPU
		{DA90E88C-F67D-433B-8989-C25F2281E3F1}.Debug|Any CPU.ActiveCfg = Debug|Any CPU
		{DA90E88C-F67D-433B-8989-C25F2281E3F1}.Debug|Any CPU.Build.0 = Debug|Any CPU
		{DA90E88C-F67D-433B-8989-C25F2281E3F1}.Debug|Any CPU.Deploy.0 = Debug|Any CPU
		{DA90E88C-F67D-433B-8989-C25F2281E3F1}.Debug|ARM.ActiveCfg = Debug|Any CPU
		{DA90E88C-F67D-433B-8989-C25F2281E3F1}.Debug|ARM.Build.0 = Debug|Any CPU
		{DA90E88C-F67D-433B-8989-C25F2281E3F1}.Debug|ARM.Deploy.0 = Debug|Any CPU
		{DA90E88C-F67D-433B-8989-C25F2281E3F1}.Debug|iPhone.ActiveCfg = Debug|Any CPU
		{DA90E88C-F67D-433B-8989-C25F2281E3F1}.Debug|iPhone.Build.0 = Debug|Any CPU
		{DA90E88C-F67D-433B-8989-C25F2281E3F1}.Debug|iPhone.Deploy.0 = Debug|Any CPU
		{DA90E88C-F67D-433B-8989-C25F2281E3F1}.Debug|iPhoneSimulator.ActiveCfg = Debug|Any CPU
		{DA90E88C-F67D-433B-8989-C25F2281E3F1}.Debug|iPhoneSimulator.Build.0 = Debug|Any CPU
		{DA90E88C-F67D-433B-8989-C25F2281E3F1}.Debug|iPhoneSimulator.Deploy.0 = Debug|Any CPU
		{DA90E88C-F67D-433B-8989-C25F2281E3F1}.Debug|x64.ActiveCfg = Debug|Any CPU
		{DA90E88C-F67D-433B-8989-C25F2281E3F1}.Debug|x64.Build.0 = Debug|Any CPU
		{DA90E88C-F67D-433B-8989-C25F2281E3F1}.Debug|x64.Deploy.0 = Debug|Any CPU
		{DA90E88C-F67D-433B-8989-C25F2281E3F1}.Debug|x86.ActiveCfg = Debug|Any CPU
		{DA90E88C-F67D-433B-8989-C25F2281E3F1}.Debug|x86.Build.0 = Debug|Any CPU
		{DA90E88C-F67D-433B-8989-C25F2281E3F1}.Debug|x86.Deploy.0 = Debug|Any CPU
		{DA90E88C-F67D-433B-8989-C25F2281E3F1}.Release|Any CPU.ActiveCfg = Release|Any CPU
		{DA90E88C-F67D-433B-8989-C25F2281E3F1}.Release|Any CPU.Build.0 = Release|Any CPU
		{DA90E88C-F67D-433B-8989-C25F2281E3F1}.Release|Any CPU.Deploy.0 = Release|Any CPU
		{DA90E88C-F67D-433B-8989-C25F2281E3F1}.Release|ARM.ActiveCfg = Release|Any CPU
		{DA90E88C-F67D-433B-8989-C25F2281E3F1}.Release|ARM.Build.0 = Release|Any CPU
		{DA90E88C-F67D-433B-8989-C25F2281E3F1}.Release|ARM.Deploy.0 = Release|Any CPU
		{DA90E88C-F67D-433B-8989-C25F2281E3F1}.Release|iPhone.ActiveCfg = Release|Any CPU
		{DA90E88C-F67D-433B-8989-C25F2281E3F1}.Release|iPhone.Build.0 = Release|Any CPU
		{DA90E88C-F67D-433B-8989-C25F2281E3F1}.Release|iPhone.Deploy.0 = Release|Any CPU
		{DA90E88C-F67D-433B-8989-C25F2281E3F1}.Release|iPhoneSimulator.ActiveCfg = Release|Any CPU
		{DA90E88C-F67D-433B-8989-C25F2281E3F1}.Release|iPhoneSimulator.Build.0 = Release|Any CPU
		{DA90E88C-F67D-433B-8989-C25F2281E3F1}.Release|iPhoneSimulator.Deploy.0 = Release|Any CPU
		{DA90E88C-F67D-433B-8989-C25F2281E3F1}.Release|x64.ActiveCfg = Release|Any CPU
		{DA90E88C-F67D-433B-8989-C25F2281E3F1}.Release|x64.Build.0 = Release|Any CPU
		{DA90E88C-F67D-433B-8989-C25F2281E3F1}.Release|x64.Deploy.0 = Release|Any CPU
		{DA90E88C-F67D-433B-8989-C25F2281E3F1}.Release|x86.ActiveCfg = Release|Any CPU
		{DA90E88C-F67D-433B-8989-C25F2281E3F1}.Release|x86.Build.0 = Release|Any CPU
		{DA90E88C-F67D-433B-8989-C25F2281E3F1}.Release|x86.Deploy.0 = Release|Any CPU
		{FD974DF5-A44B-43C8-A8BD-4BED121CBD2A}.Ad-Hoc|Any CPU.ActiveCfg = Ad-Hoc|iPhone
		{FD974DF5-A44B-43C8-A8BD-4BED121CBD2A}.Ad-Hoc|ARM.ActiveCfg = Ad-Hoc|iPhone
		{FD974DF5-A44B-43C8-A8BD-4BED121CBD2A}.Ad-Hoc|iPhone.ActiveCfg = Ad-Hoc|iPhone
		{FD974DF5-A44B-43C8-A8BD-4BED121CBD2A}.Ad-Hoc|iPhone.Build.0 = Ad-Hoc|iPhone
		{FD974DF5-A44B-43C8-A8BD-4BED121CBD2A}.Ad-Hoc|iPhoneSimulator.ActiveCfg = Ad-Hoc|iPhoneSimulator
		{FD974DF5-A44B-43C8-A8BD-4BED121CBD2A}.Ad-Hoc|iPhoneSimulator.Build.0 = Ad-Hoc|iPhoneSimulator
		{FD974DF5-A44B-43C8-A8BD-4BED121CBD2A}.Ad-Hoc|x64.ActiveCfg = Ad-Hoc|iPhone
		{FD974DF5-A44B-43C8-A8BD-4BED121CBD2A}.Ad-Hoc|x86.ActiveCfg = Ad-Hoc|iPhone
		{FD974DF5-A44B-43C8-A8BD-4BED121CBD2A}.AppStore|Any CPU.ActiveCfg = AppStore|iPhone
		{FD974DF5-A44B-43C8-A8BD-4BED121CBD2A}.AppStore|ARM.ActiveCfg = AppStore|iPhone
		{FD974DF5-A44B-43C8-A8BD-4BED121CBD2A}.AppStore|iPhone.ActiveCfg = AppStore|iPhone
		{FD974DF5-A44B-43C8-A8BD-4BED121CBD2A}.AppStore|iPhone.Build.0 = AppStore|iPhone
		{FD974DF5-A44B-43C8-A8BD-4BED121CBD2A}.AppStore|iPhoneSimulator.ActiveCfg = AppStore|iPhoneSimulator
		{FD974DF5-A44B-43C8-A8BD-4BED121CBD2A}.AppStore|iPhoneSimulator.Build.0 = AppStore|iPhoneSimulator
		{FD974DF5-A44B-43C8-A8BD-4BED121CBD2A}.AppStore|x64.ActiveCfg = AppStore|iPhone
		{FD974DF5-A44B-43C8-A8BD-4BED121CBD2A}.AppStore|x86.ActiveCfg = AppStore|iPhone
		{FD974DF5-A44B-43C8-A8BD-4BED121CBD2A}.Debug|Any CPU.ActiveCfg = Debug|iPhone
		{FD974DF5-A44B-43C8-A8BD-4BED121CBD2A}.Debug|ARM.ActiveCfg = Debug|iPhone
		{FD974DF5-A44B-43C8-A8BD-4BED121CBD2A}.Debug|iPhone.ActiveCfg = Debug|iPhone
		{FD974DF5-A44B-43C8-A8BD-4BED121CBD2A}.Debug|iPhone.Build.0 = Debug|iPhone
		{FD974DF5-A44B-43C8-A8BD-4BED121CBD2A}.Debug|iPhoneSimulator.ActiveCfg = Debug|iPhoneSimulator
		{FD974DF5-A44B-43C8-A8BD-4BED121CBD2A}.Debug|iPhoneSimulator.Build.0 = Debug|iPhoneSimulator
		{FD974DF5-A44B-43C8-A8BD-4BED121CBD2A}.Debug|x64.ActiveCfg = Debug|iPhone
		{FD974DF5-A44B-43C8-A8BD-4BED121CBD2A}.Debug|x86.ActiveCfg = Debug|iPhone
		{FD974DF5-A44B-43C8-A8BD-4BED121CBD2A}.Release|Any CPU.ActiveCfg = Release|iPhone
		{FD974DF5-A44B-43C8-A8BD-4BED121CBD2A}.Release|ARM.ActiveCfg = Release|iPhone
		{FD974DF5-A44B-43C8-A8BD-4BED121CBD2A}.Release|iPhone.ActiveCfg = Release|iPhone
		{FD974DF5-A44B-43C8-A8BD-4BED121CBD2A}.Release|iPhone.Build.0 = Release|iPhone
		{FD974DF5-A44B-43C8-A8BD-4BED121CBD2A}.Release|iPhoneSimulator.ActiveCfg = Release|iPhoneSimulator
		{FD974DF5-A44B-43C8-A8BD-4BED121CBD2A}.Release|iPhoneSimulator.Build.0 = Release|iPhoneSimulator
		{FD974DF5-A44B-43C8-A8BD-4BED121CBD2A}.Release|x64.ActiveCfg = Release|iPhone
		{FD974DF5-A44B-43C8-A8BD-4BED121CBD2A}.Release|x86.ActiveCfg = Release|iPhone
		{402E4922-9DD7-46C3-B8C5-5CB2CE924862}.Ad-Hoc|Any CPU.ActiveCfg = Release|x86
		{402E4922-9DD7-46C3-B8C5-5CB2CE924862}.Ad-Hoc|Any CPU.Build.0 = Release|x86
		{402E4922-9DD7-46C3-B8C5-5CB2CE924862}.Ad-Hoc|Any CPU.Deploy.0 = Release|x86
		{402E4922-9DD7-46C3-B8C5-5CB2CE924862}.Ad-Hoc|ARM.ActiveCfg = Release|ARM
		{402E4922-9DD7-46C3-B8C5-5CB2CE924862}.Ad-Hoc|ARM.Build.0 = Release|ARM
		{402E4922-9DD7-46C3-B8C5-5CB2CE924862}.Ad-Hoc|ARM.Deploy.0 = Release|ARM
		{402E4922-9DD7-46C3-B8C5-5CB2CE924862}.Ad-Hoc|iPhone.ActiveCfg = Release|x86
		{402E4922-9DD7-46C3-B8C5-5CB2CE924862}.Ad-Hoc|iPhone.Build.0 = Release|x86
		{402E4922-9DD7-46C3-B8C5-5CB2CE924862}.Ad-Hoc|iPhone.Deploy.0 = Release|x86
		{402E4922-9DD7-46C3-B8C5-5CB2CE924862}.Ad-Hoc|iPhoneSimulator.ActiveCfg = Release|x86
		{402E4922-9DD7-46C3-B8C5-5CB2CE924862}.Ad-Hoc|iPhoneSimulator.Build.0 = Release|x86
		{402E4922-9DD7-46C3-B8C5-5CB2CE924862}.Ad-Hoc|iPhoneSimulator.Deploy.0 = Release|x86
		{402E4922-9DD7-46C3-B8C5-5CB2CE924862}.Ad-Hoc|x64.ActiveCfg = Release|x64
		{402E4922-9DD7-46C3-B8C5-5CB2CE924862}.Ad-Hoc|x64.Build.0 = Release|x64
		{402E4922-9DD7-46C3-B8C5-5CB2CE924862}.Ad-Hoc|x64.Deploy.0 = Release|x64
		{402E4922-9DD7-46C3-B8C5-5CB2CE924862}.Ad-Hoc|x86.ActiveCfg = Release|x86
		{402E4922-9DD7-46C3-B8C5-5CB2CE924862}.Ad-Hoc|x86.Build.0 = Release|x86
		{402E4922-9DD7-46C3-B8C5-5CB2CE924862}.Ad-Hoc|x86.Deploy.0 = Release|x86
		{402E4922-9DD7-46C3-B8C5-5CB2CE924862}.AppStore|Any CPU.ActiveCfg = Release|x86
		{402E4922-9DD7-46C3-B8C5-5CB2CE924862}.AppStore|Any CPU.Build.0 = Release|x86
		{402E4922-9DD7-46C3-B8C5-5CB2CE924862}.AppStore|Any CPU.Deploy.0 = Release|x86
		{402E4922-9DD7-46C3-B8C5-5CB2CE924862}.AppStore|ARM.ActiveCfg = Release|ARM
		{402E4922-9DD7-46C3-B8C5-5CB2CE924862}.AppStore|ARM.Build.0 = Release|ARM
		{402E4922-9DD7-46C3-B8C5-5CB2CE924862}.AppStore|ARM.Deploy.0 = Release|ARM
		{402E4922-9DD7-46C3-B8C5-5CB2CE924862}.AppStore|iPhone.ActiveCfg = Release|x86
		{402E4922-9DD7-46C3-B8C5-5CB2CE924862}.AppStore|iPhone.Build.0 = Release|x86
		{402E4922-9DD7-46C3-B8C5-5CB2CE924862}.AppStore|iPhone.Deploy.0 = Release|x86
		{402E4922-9DD7-46C3-B8C5-5CB2CE924862}.AppStore|iPhoneSimulator.ActiveCfg = Release|x86
		{402E4922-9DD7-46C3-B8C5-5CB2CE924862}.AppStore|iPhoneSimulator.Build.0 = Release|x86
		{402E4922-9DD7-46C3-B8C5-5CB2CE924862}.AppStore|iPhoneSimulator.Deploy.0 = Release|x86
		{402E4922-9DD7-46C3-B8C5-5CB2CE924862}.AppStore|x64.ActiveCfg = Release|x64
		{402E4922-9DD7-46C3-B8C5-5CB2CE924862}.AppStore|x64.Build.0 = Release|x64
		{402E4922-9DD7-46C3-B8C5-5CB2CE924862}.AppStore|x64.Deploy.0 = Release|x64
		{402E4922-9DD7-46C3-B8C5-5CB2CE924862}.AppStore|x86.ActiveCfg = Release|x86
		{402E4922-9DD7-46C3-B8C5-5CB2CE924862}.AppStore|x86.Build.0 = Release|x86
		{402E4922-9DD7-46C3-B8C5-5CB2CE924862}.AppStore|x86.Deploy.0 = Release|x86
		{402E4922-9DD7-46C3-B8C5-5CB2CE924862}.Debug|Any CPU.ActiveCfg = Debug|x86
		{402E4922-9DD7-46C3-B8C5-5CB2CE924862}.Debug|ARM.ActiveCfg = Debug|ARM
		{402E4922-9DD7-46C3-B8C5-5CB2CE924862}.Debug|ARM.Build.0 = Debug|ARM
		{402E4922-9DD7-46C3-B8C5-5CB2CE924862}.Debug|ARM.Deploy.0 = Debug|ARM
		{402E4922-9DD7-46C3-B8C5-5CB2CE924862}.Debug|iPhone.ActiveCfg = Debug|x86
		{402E4922-9DD7-46C3-B8C5-5CB2CE924862}.Debug|iPhoneSimulator.ActiveCfg = Debug|x86
		{402E4922-9DD7-46C3-B8C5-5CB2CE924862}.Debug|x64.ActiveCfg = Debug|x64
		{402E4922-9DD7-46C3-B8C5-5CB2CE924862}.Debug|x64.Build.0 = Debug|x64
		{402E4922-9DD7-46C3-B8C5-5CB2CE924862}.Debug|x64.Deploy.0 = Debug|x64
		{402E4922-9DD7-46C3-B8C5-5CB2CE924862}.Debug|x86.ActiveCfg = Debug|x86
		{402E4922-9DD7-46C3-B8C5-5CB2CE924862}.Debug|x86.Build.0 = Debug|x86
		{402E4922-9DD7-46C3-B8C5-5CB2CE924862}.Debug|x86.Deploy.0 = Debug|x86
		{402E4922-9DD7-46C3-B8C5-5CB2CE924862}.Release|Any CPU.ActiveCfg = Release|x86
		{402E4922-9DD7-46C3-B8C5-5CB2CE924862}.Release|ARM.ActiveCfg = Release|ARM
		{402E4922-9DD7-46C3-B8C5-5CB2CE924862}.Release|ARM.Build.0 = Release|ARM
		{402E4922-9DD7-46C3-B8C5-5CB2CE924862}.Release|ARM.Deploy.0 = Release|ARM
		{402E4922-9DD7-46C3-B8C5-5CB2CE924862}.Release|iPhone.ActiveCfg = Release|x86
		{402E4922-9DD7-46C3-B8C5-5CB2CE924862}.Release|iPhoneSimulator.ActiveCfg = Release|x86
		{402E4922-9DD7-46C3-B8C5-5CB2CE924862}.Release|x64.ActiveCfg = Release|x64
		{402E4922-9DD7-46C3-B8C5-5CB2CE924862}.Release|x64.Build.0 = Release|x64
		{402E4922-9DD7-46C3-B8C5-5CB2CE924862}.Release|x64.Deploy.0 = Release|x64
		{402E4922-9DD7-46C3-B8C5-5CB2CE924862}.Release|x86.ActiveCfg = Release|x86
		{402E4922-9DD7-46C3-B8C5-5CB2CE924862}.Release|x86.Build.0 = Release|x86
		{402E4922-9DD7-46C3-B8C5-5CB2CE924862}.Release|x86.Deploy.0 = Release|x86
		{BE5FE476-6C33-409C-A923-430F9BC594D7}.Ad-Hoc|Any CPU.ActiveCfg = Debug|Any CPU
		{BE5FE476-6C33-409C-A923-430F9BC594D7}.Ad-Hoc|Any CPU.Build.0 = Debug|Any CPU
		{BE5FE476-6C33-409C-A923-430F9BC594D7}.Ad-Hoc|ARM.ActiveCfg = Debug|Any CPU
		{BE5FE476-6C33-409C-A923-430F9BC594D7}.Ad-Hoc|ARM.Build.0 = Debug|Any CPU
		{BE5FE476-6C33-409C-A923-430F9BC594D7}.Ad-Hoc|iPhone.ActiveCfg = Debug|Any CPU
		{BE5FE476-6C33-409C-A923-430F9BC594D7}.Ad-Hoc|iPhone.Build.0 = Debug|Any CPU
		{BE5FE476-6C33-409C-A923-430F9BC594D7}.Ad-Hoc|iPhoneSimulator.ActiveCfg = Debug|Any CPU
		{BE5FE476-6C33-409C-A923-430F9BC594D7}.Ad-Hoc|iPhoneSimulator.Build.0 = Debug|Any CPU
		{BE5FE476-6C33-409C-A923-430F9BC594D7}.Ad-Hoc|x64.ActiveCfg = Debug|Any CPU
		{BE5FE476-6C33-409C-A923-430F9BC594D7}.Ad-Hoc|x64.Build.0 = Debug|Any CPU
		{BE5FE476-6C33-409C-A923-430F9BC594D7}.Ad-Hoc|x86.ActiveCfg = Debug|Any CPU
		{BE5FE476-6C33-409C-A923-430F9BC594D7}.Ad-Hoc|x86.Build.0 = Debug|Any CPU
		{BE5FE476-6C33-409C-A923-430F9BC594D7}.AppStore|Any CPU.ActiveCfg = Debug|Any CPU
		{BE5FE476-6C33-409C-A923-430F9BC594D7}.AppStore|Any CPU.Build.0 = Debug|Any CPU
		{BE5FE476-6C33-409C-A923-430F9BC594D7}.AppStore|ARM.ActiveCfg = Debug|Any CPU
		{BE5FE476-6C33-409C-A923-430F9BC594D7}.AppStore|ARM.Build.0 = Debug|Any CPU
		{BE5FE476-6C33-409C-A923-430F9BC594D7}.AppStore|iPhone.ActiveCfg = Debug|Any CPU
		{BE5FE476-6C33-409C-A923-430F9BC594D7}.AppStore|iPhone.Build.0 = Debug|Any CPU
		{BE5FE476-6C33-409C-A923-430F9BC594D7}.AppStore|iPhoneSimulator.ActiveCfg = Debug|Any CPU
		{BE5FE476-6C33-409C-A923-430F9BC594D7}.AppStore|iPhoneSimulator.Build.0 = Debug|Any CPU
		{BE5FE476-6C33-409C-A923-430F9BC594D7}.AppStore|x64.ActiveCfg = Debug|Any CPU
		{BE5FE476-6C33-409C-A923-430F9BC594D7}.AppStore|x64.Build.0 = Debug|Any CPU
		{BE5FE476-6C33-409C-A923-430F9BC594D7}.AppStore|x86.ActiveCfg = Debug|Any CPU
		{BE5FE476-6C33-409C-A923-430F9BC594D7}.AppStore|x86.Build.0 = Debug|Any CPU
		{BE5FE476-6C33-409C-A923-430F9BC594D7}.Debug|Any CPU.ActiveCfg = Debug|Any CPU
		{BE5FE476-6C33-409C-A923-430F9BC594D7}.Debug|Any CPU.Build.0 = Debug|Any CPU
		{BE5FE476-6C33-409C-A923-430F9BC594D7}.Debug|ARM.ActiveCfg = Debug|Any CPU
		{BE5FE476-6C33-409C-A923-430F9BC594D7}.Debug|ARM.Build.0 = Debug|Any CPU
		{BE5FE476-6C33-409C-A923-430F9BC594D7}.Debug|iPhone.ActiveCfg = Debug|Any CPU
		{BE5FE476-6C33-409C-A923-430F9BC594D7}.Debug|iPhone.Build.0 = Debug|Any CPU
		{BE5FE476-6C33-409C-A923-430F9BC594D7}.Debug|iPhoneSimulator.ActiveCfg = Debug|Any CPU
		{BE5FE476-6C33-409C-A923-430F9BC594D7}.Debug|iPhoneSimulator.Build.0 = Debug|Any CPU
		{BE5FE476-6C33-409C-A923-430F9BC594D7}.Debug|x64.ActiveCfg = Debug|Any CPU
		{BE5FE476-6C33-409C-A923-430F9BC594D7}.Debug|x64.Build.0 = Debug|Any CPU
		{BE5FE476-6C33-409C-A923-430F9BC594D7}.Debug|x86.ActiveCfg = Debug|Any CPU
		{BE5FE476-6C33-409C-A923-430F9BC594D7}.Debug|x86.Build.0 = Debug|Any CPU
		{BE5FE476-6C33-409C-A923-430F9BC594D7}.Release|Any CPU.ActiveCfg = Release|Any CPU
		{BE5FE476-6C33-409C-A923-430F9BC594D7}.Release|Any CPU.Build.0 = Release|Any CPU
		{BE5FE476-6C33-409C-A923-430F9BC594D7}.Release|ARM.ActiveCfg = Release|Any CPU
		{BE5FE476-6C33-409C-A923-430F9BC594D7}.Release|ARM.Build.0 = Release|Any CPU
		{BE5FE476-6C33-409C-A923-430F9BC594D7}.Release|iPhone.ActiveCfg = Release|Any CPU
		{BE5FE476-6C33-409C-A923-430F9BC594D7}.Release|iPhone.Build.0 = Release|Any CPU
		{BE5FE476-6C33-409C-A923-430F9BC594D7}.Release|iPhoneSimulator.ActiveCfg = Release|Any CPU
		{BE5FE476-6C33-409C-A923-430F9BC594D7}.Release|iPhoneSimulator.Build.0 = Release|Any CPU
		{BE5FE476-6C33-409C-A923-430F9BC594D7}.Release|x64.ActiveCfg = Release|Any CPU
		{BE5FE476-6C33-409C-A923-430F9BC594D7}.Release|x64.Build.0 = Release|Any CPU
		{BE5FE476-6C33-409C-A923-430F9BC594D7}.Release|x86.ActiveCfg = Release|Any CPU
		{BE5FE476-6C33-409C-A923-430F9BC594D7}.Release|x86.Build.0 = Release|Any CPU
		{C4990AFD-DABA-4E8F-9E53-3D0B2A1C13F4}.Ad-Hoc|Any CPU.ActiveCfg = Release|Any CPU
		{C4990AFD-DABA-4E8F-9E53-3D0B2A1C13F4}.Ad-Hoc|Any CPU.Build.0 = Release|Any CPU
		{C4990AFD-DABA-4E8F-9E53-3D0B2A1C13F4}.Ad-Hoc|ARM.ActiveCfg = Release|Any CPU
		{C4990AFD-DABA-4E8F-9E53-3D0B2A1C13F4}.Ad-Hoc|ARM.Build.0 = Release|Any CPU
		{C4990AFD-DABA-4E8F-9E53-3D0B2A1C13F4}.Ad-Hoc|iPhone.ActiveCfg = Release|Any CPU
		{C4990AFD-DABA-4E8F-9E53-3D0B2A1C13F4}.Ad-Hoc|iPhone.Build.0 = Release|Any CPU
		{C4990AFD-DABA-4E8F-9E53-3D0B2A1C13F4}.Ad-Hoc|iPhoneSimulator.ActiveCfg = Release|Any CPU
		{C4990AFD-DABA-4E8F-9E53-3D0B2A1C13F4}.Ad-Hoc|iPhoneSimulator.Build.0 = Release|Any CPU
		{C4990AFD-DABA-4E8F-9E53-3D0B2A1C13F4}.Ad-Hoc|x64.ActiveCfg = Release|Any CPU
		{C4990AFD-DABA-4E8F-9E53-3D0B2A1C13F4}.Ad-Hoc|x64.Build.0 = Release|Any CPU
		{C4990AFD-DABA-4E8F-9E53-3D0B2A1C13F4}.Ad-Hoc|x86.ActiveCfg = Release|Any CPU
		{C4990AFD-DABA-4E8F-9E53-3D0B2A1C13F4}.Ad-Hoc|x86.Build.0 = Release|Any CPU
		{C4990AFD-DABA-4E8F-9E53-3D0B2A1C13F4}.AppStore|Any CPU.ActiveCfg = Release|Any CPU
		{C4990AFD-DABA-4E8F-9E53-3D0B2A1C13F4}.AppStore|Any CPU.Build.0 = Release|Any CPU
		{C4990AFD-DABA-4E8F-9E53-3D0B2A1C13F4}.AppStore|ARM.ActiveCfg = Release|Any CPU
		{C4990AFD-DABA-4E8F-9E53-3D0B2A1C13F4}.AppStore|ARM.Build.0 = Release|Any CPU
		{C4990AFD-DABA-4E8F-9E53-3D0B2A1C13F4}.AppStore|iPhone.ActiveCfg = Release|Any CPU
		{C4990AFD-DABA-4E8F-9E53-3D0B2A1C13F4}.AppStore|iPhone.Build.0 = Release|Any CPU
		{C4990AFD-DABA-4E8F-9E53-3D0B2A1C13F4}.AppStore|iPhoneSimulator.ActiveCfg = Release|Any CPU
		{C4990AFD-DABA-4E8F-9E53-3D0B2A1C13F4}.AppStore|iPhoneSimulator.Build.0 = Release|Any CPU
		{C4990AFD-DABA-4E8F-9E53-3D0B2A1C13F4}.AppStore|x64.ActiveCfg = Release|Any CPU
		{C4990AFD-DABA-4E8F-9E53-3D0B2A1C13F4}.AppStore|x64.Build.0 = Release|Any CPU
		{C4990AFD-DABA-4E8F-9E53-3D0B2A1C13F4}.AppStore|x86.ActiveCfg = Release|Any CPU
		{C4990AFD-DABA-4E8F-9E53-3D0B2A1C13F4}.AppStore|x86.Build.0 = Release|Any CPU
		{C4990AFD-DABA-4E8F-9E53-3D0B2A1C13F4}.Debug|Any CPU.ActiveCfg = Debug|Any CPU
		{C4990AFD-DABA-4E8F-9E53-3D0B2A1C13F4}.Debug|Any CPU.Build.0 = Debug|Any CPU
		{C4990AFD-DABA-4E8F-9E53-3D0B2A1C13F4}.Debug|ARM.ActiveCfg = Debug|Any CPU
		{C4990AFD-DABA-4E8F-9E53-3D0B2A1C13F4}.Debug|ARM.Build.0 = Debug|Any CPU
		{C4990AFD-DABA-4E8F-9E53-3D0B2A1C13F4}.Debug|iPhone.ActiveCfg = Debug|Any CPU
		{C4990AFD-DABA-4E8F-9E53-3D0B2A1C13F4}.Debug|iPhone.Build.0 = Debug|Any CPU
		{C4990AFD-DABA-4E8F-9E53-3D0B2A1C13F4}.Debug|iPhoneSimulator.ActiveCfg = Debug|Any CPU
		{C4990AFD-DABA-4E8F-9E53-3D0B2A1C13F4}.Debug|iPhoneSimulator.Build.0 = Debug|Any CPU
		{C4990AFD-DABA-4E8F-9E53-3D0B2A1C13F4}.Debug|x64.ActiveCfg = Debug|Any CPU
		{C4990AFD-DABA-4E8F-9E53-3D0B2A1C13F4}.Debug|x64.Build.0 = Debug|Any CPU
		{C4990AFD-DABA-4E8F-9E53-3D0B2A1C13F4}.Debug|x86.ActiveCfg = Debug|Any CPU
		{C4990AFD-DABA-4E8F-9E53-3D0B2A1C13F4}.Debug|x86.Build.0 = Debug|Any CPU
		{C4990AFD-DABA-4E8F-9E53-3D0B2A1C13F4}.Release|Any CPU.ActiveCfg = Release|Any CPU
		{C4990AFD-DABA-4E8F-9E53-3D0B2A1C13F4}.Release|Any CPU.Build.0 = Release|Any CPU
		{C4990AFD-DABA-4E8F-9E53-3D0B2A1C13F4}.Release|ARM.ActiveCfg = Release|Any CPU
		{C4990AFD-DABA-4E8F-9E53-3D0B2A1C13F4}.Release|ARM.Build.0 = Release|Any CPU
		{C4990AFD-DABA-4E8F-9E53-3D0B2A1C13F4}.Release|iPhone.ActiveCfg = Release|Any CPU
		{C4990AFD-DABA-4E8F-9E53-3D0B2A1C13F4}.Release|iPhone.Build.0 = Release|Any CPU
		{C4990AFD-DABA-4E8F-9E53-3D0B2A1C13F4}.Release|iPhoneSimulator.ActiveCfg = Release|Any CPU
		{C4990AFD-DABA-4E8F-9E53-3D0B2A1C13F4}.Release|iPhoneSimulator.Build.0 = Release|Any CPU
		{C4990AFD-DABA-4E8F-9E53-3D0B2A1C13F4}.Release|x64.ActiveCfg = Release|Any CPU
		{C4990AFD-DABA-4E8F-9E53-3D0B2A1C13F4}.Release|x64.Build.0 = Release|Any CPU
		{C4990AFD-DABA-4E8F-9E53-3D0B2A1C13F4}.Release|x86.ActiveCfg = Release|Any CPU
		{C4990AFD-DABA-4E8F-9E53-3D0B2A1C13F4}.Release|x86.Build.0 = Release|Any CPU
		{184A775B-C81A-4818-A988-2F76680C391A}.Ad-Hoc|Any CPU.ActiveCfg = Release|Any CPU
		{184A775B-C81A-4818-A988-2F76680C391A}.Ad-Hoc|Any CPU.Build.0 = Release|Any CPU
		{184A775B-C81A-4818-A988-2F76680C391A}.Ad-Hoc|ARM.ActiveCfg = Release|Any CPU
		{184A775B-C81A-4818-A988-2F76680C391A}.Ad-Hoc|ARM.Build.0 = Release|Any CPU
		{184A775B-C81A-4818-A988-2F76680C391A}.Ad-Hoc|iPhone.ActiveCfg = Release|Any CPU
		{184A775B-C81A-4818-A988-2F76680C391A}.Ad-Hoc|iPhone.Build.0 = Release|Any CPU
		{184A775B-C81A-4818-A988-2F76680C391A}.Ad-Hoc|iPhoneSimulator.ActiveCfg = Release|Any CPU
		{184A775B-C81A-4818-A988-2F76680C391A}.Ad-Hoc|iPhoneSimulator.Build.0 = Release|Any CPU
		{184A775B-C81A-4818-A988-2F76680C391A}.Ad-Hoc|x64.ActiveCfg = Release|Any CPU
		{184A775B-C81A-4818-A988-2F76680C391A}.Ad-Hoc|x64.Build.0 = Release|Any CPU
		{184A775B-C81A-4818-A988-2F76680C391A}.Ad-Hoc|x86.ActiveCfg = Release|Any CPU
		{184A775B-C81A-4818-A988-2F76680C391A}.Ad-Hoc|x86.Build.0 = Release|Any CPU
		{184A775B-C81A-4818-A988-2F76680C391A}.AppStore|Any CPU.ActiveCfg = Release|Any CPU
		{184A775B-C81A-4818-A988-2F76680C391A}.AppStore|Any CPU.Build.0 = Release|Any CPU
		{184A775B-C81A-4818-A988-2F76680C391A}.AppStore|ARM.ActiveCfg = Release|Any CPU
		{184A775B-C81A-4818-A988-2F76680C391A}.AppStore|ARM.Build.0 = Release|Any CPU
		{184A775B-C81A-4818-A988-2F76680C391A}.AppStore|iPhone.ActiveCfg = Release|Any CPU
		{184A775B-C81A-4818-A988-2F76680C391A}.AppStore|iPhone.Build.0 = Release|Any CPU
		{184A775B-C81A-4818-A988-2F76680C391A}.AppStore|iPhoneSimulator.ActiveCfg = Release|Any CPU
		{184A775B-C81A-4818-A988-2F76680C391A}.AppStore|iPhoneSimulator.Build.0 = Release|Any CPU
		{184A775B-C81A-4818-A988-2F76680C391A}.AppStore|x64.ActiveCfg = Release|Any CPU
		{184A775B-C81A-4818-A988-2F76680C391A}.AppStore|x64.Build.0 = Release|Any CPU
		{184A775B-C81A-4818-A988-2F76680C391A}.AppStore|x86.ActiveCfg = Release|Any CPU
		{184A775B-C81A-4818-A988-2F76680C391A}.AppStore|x86.Build.0 = Release|Any CPU
		{184A775B-C81A-4818-A988-2F76680C391A}.Debug|Any CPU.ActiveCfg = Debug|Any CPU
		{184A775B-C81A-4818-A988-2F76680C391A}.Debug|Any CPU.Build.0 = Debug|Any CPU
		{184A775B-C81A-4818-A988-2F76680C391A}.Debug|ARM.ActiveCfg = Debug|Any CPU
		{184A775B-C81A-4818-A988-2F76680C391A}.Debug|ARM.Build.0 = Debug|Any CPU
		{184A775B-C81A-4818-A988-2F76680C391A}.Debug|iPhone.ActiveCfg = Debug|Any CPU
		{184A775B-C81A-4818-A988-2F76680C391A}.Debug|iPhone.Build.0 = Debug|Any CPU
		{184A775B-C81A-4818-A988-2F76680C391A}.Debug|iPhoneSimulator.ActiveCfg = Debug|Any CPU
		{184A775B-C81A-4818-A988-2F76680C391A}.Debug|iPhoneSimulator.Build.0 = Debug|Any CPU
		{184A775B-C81A-4818-A988-2F76680C391A}.Debug|x64.ActiveCfg = Debug|Any CPU
		{184A775B-C81A-4818-A988-2F76680C391A}.Debug|x64.Build.0 = Debug|Any CPU
		{184A775B-C81A-4818-A988-2F76680C391A}.Debug|x86.ActiveCfg = Debug|Any CPU
		{184A775B-C81A-4818-A988-2F76680C391A}.Debug|x86.Build.0 = Debug|Any CPU
		{184A775B-C81A-4818-A988-2F76680C391A}.Release|Any CPU.ActiveCfg = Release|Any CPU
		{184A775B-C81A-4818-A988-2F76680C391A}.Release|Any CPU.Build.0 = Release|Any CPU
		{184A775B-C81A-4818-A988-2F76680C391A}.Release|ARM.ActiveCfg = Release|Any CPU
		{184A775B-C81A-4818-A988-2F76680C391A}.Release|ARM.Build.0 = Release|Any CPU
		{184A775B-C81A-4818-A988-2F76680C391A}.Release|iPhone.ActiveCfg = Release|Any CPU
		{184A775B-C81A-4818-A988-2F76680C391A}.Release|iPhone.Build.0 = Release|Any CPU
		{184A775B-C81A-4818-A988-2F76680C391A}.Release|iPhoneSimulator.ActiveCfg = Release|Any CPU
		{184A775B-C81A-4818-A988-2F76680C391A}.Release|iPhoneSimulator.Build.0 = Release|Any CPU
		{184A775B-C81A-4818-A988-2F76680C391A}.Release|x64.ActiveCfg = Release|Any CPU
		{184A775B-C81A-4818-A988-2F76680C391A}.Release|x64.Build.0 = Release|Any CPU
		{184A775B-C81A-4818-A988-2F76680C391A}.Release|x86.ActiveCfg = Release|Any CPU
		{184A775B-C81A-4818-A988-2F76680C391A}.Release|x86.Build.0 = Release|Any CPU
		{D7312869-7677-44FF-A2D6-8CAF123B3E0E}.Ad-Hoc|Any CPU.ActiveCfg = Release|Any CPU
		{D7312869-7677-44FF-A2D6-8CAF123B3E0E}.Ad-Hoc|Any CPU.Build.0 = Release|Any CPU
		{D7312869-7677-44FF-A2D6-8CAF123B3E0E}.Ad-Hoc|ARM.ActiveCfg = Release|Any CPU
		{D7312869-7677-44FF-A2D6-8CAF123B3E0E}.Ad-Hoc|ARM.Build.0 = Release|Any CPU
		{D7312869-7677-44FF-A2D6-8CAF123B3E0E}.Ad-Hoc|iPhone.ActiveCfg = Release|Any CPU
		{D7312869-7677-44FF-A2D6-8CAF123B3E0E}.Ad-Hoc|iPhone.Build.0 = Release|Any CPU
		{D7312869-7677-44FF-A2D6-8CAF123B3E0E}.Ad-Hoc|iPhoneSimulator.ActiveCfg = Release|Any CPU
		{D7312869-7677-44FF-A2D6-8CAF123B3E0E}.Ad-Hoc|iPhoneSimulator.Build.0 = Release|Any CPU
		{D7312869-7677-44FF-A2D6-8CAF123B3E0E}.Ad-Hoc|x64.ActiveCfg = Release|Any CPU
		{D7312869-7677-44FF-A2D6-8CAF123B3E0E}.Ad-Hoc|x64.Build.0 = Release|Any CPU
		{D7312869-7677-44FF-A2D6-8CAF123B3E0E}.Ad-Hoc|x86.ActiveCfg = Release|Any CPU
		{D7312869-7677-44FF-A2D6-8CAF123B3E0E}.Ad-Hoc|x86.Build.0 = Release|Any CPU
		{D7312869-7677-44FF-A2D6-8CAF123B3E0E}.AppStore|Any CPU.ActiveCfg = Release|Any CPU
		{D7312869-7677-44FF-A2D6-8CAF123B3E0E}.AppStore|Any CPU.Build.0 = Release|Any CPU
		{D7312869-7677-44FF-A2D6-8CAF123B3E0E}.AppStore|ARM.ActiveCfg = Release|Any CPU
		{D7312869-7677-44FF-A2D6-8CAF123B3E0E}.AppStore|ARM.Build.0 = Release|Any CPU
		{D7312869-7677-44FF-A2D6-8CAF123B3E0E}.AppStore|iPhone.ActiveCfg = Release|Any CPU
		{D7312869-7677-44FF-A2D6-8CAF123B3E0E}.AppStore|iPhone.Build.0 = Release|Any CPU
		{D7312869-7677-44FF-A2D6-8CAF123B3E0E}.AppStore|iPhoneSimulator.ActiveCfg = Release|Any CPU
		{D7312869-7677-44FF-A2D6-8CAF123B3E0E}.AppStore|iPhoneSimulator.Build.0 = Release|Any CPU
		{D7312869-7677-44FF-A2D6-8CAF123B3E0E}.AppStore|x64.ActiveCfg = Release|Any CPU
		{D7312869-7677-44FF-A2D6-8CAF123B3E0E}.AppStore|x64.Build.0 = Release|Any CPU
		{D7312869-7677-44FF-A2D6-8CAF123B3E0E}.AppStore|x86.ActiveCfg = Release|Any CPU
		{D7312869-7677-44FF-A2D6-8CAF123B3E0E}.AppStore|x86.Build.0 = Release|Any CPU
		{D7312869-7677-44FF-A2D6-8CAF123B3E0E}.Debug|Any CPU.ActiveCfg = Debug|Any CPU
		{D7312869-7677-44FF-A2D6-8CAF123B3E0E}.Debug|Any CPU.Build.0 = Debug|Any CPU
		{D7312869-7677-44FF-A2D6-8CAF123B3E0E}.Debug|ARM.ActiveCfg = Debug|Any CPU
		{D7312869-7677-44FF-A2D6-8CAF123B3E0E}.Debug|ARM.Build.0 = Debug|Any CPU
		{D7312869-7677-44FF-A2D6-8CAF123B3E0E}.Debug|iPhone.ActiveCfg = Debug|Any CPU
		{D7312869-7677-44FF-A2D6-8CAF123B3E0E}.Debug|iPhone.Build.0 = Debug|Any CPU
		{D7312869-7677-44FF-A2D6-8CAF123B3E0E}.Debug|iPhoneSimulator.ActiveCfg = Debug|Any CPU
		{D7312869-7677-44FF-A2D6-8CAF123B3E0E}.Debug|iPhoneSimulator.Build.0 = Debug|Any CPU
		{D7312869-7677-44FF-A2D6-8CAF123B3E0E}.Debug|x64.ActiveCfg = Debug|Any CPU
		{D7312869-7677-44FF-A2D6-8CAF123B3E0E}.Debug|x64.Build.0 = Debug|Any CPU
		{D7312869-7677-44FF-A2D6-8CAF123B3E0E}.Debug|x86.ActiveCfg = Debug|Any CPU
		{D7312869-7677-44FF-A2D6-8CAF123B3E0E}.Debug|x86.Build.0 = Debug|Any CPU
		{D7312869-7677-44FF-A2D6-8CAF123B3E0E}.Release|Any CPU.ActiveCfg = Release|Any CPU
		{D7312869-7677-44FF-A2D6-8CAF123B3E0E}.Release|Any CPU.Build.0 = Release|Any CPU
		{D7312869-7677-44FF-A2D6-8CAF123B3E0E}.Release|ARM.ActiveCfg = Release|Any CPU
		{D7312869-7677-44FF-A2D6-8CAF123B3E0E}.Release|ARM.Build.0 = Release|Any CPU
		{D7312869-7677-44FF-A2D6-8CAF123B3E0E}.Release|iPhone.ActiveCfg = Release|Any CPU
		{D7312869-7677-44FF-A2D6-8CAF123B3E0E}.Release|iPhone.Build.0 = Release|Any CPU
		{D7312869-7677-44FF-A2D6-8CAF123B3E0E}.Release|iPhoneSimulator.ActiveCfg = Release|Any CPU
		{D7312869-7677-44FF-A2D6-8CAF123B3E0E}.Release|iPhoneSimulator.Build.0 = Release|Any CPU
		{D7312869-7677-44FF-A2D6-8CAF123B3E0E}.Release|x64.ActiveCfg = Release|Any CPU
		{D7312869-7677-44FF-A2D6-8CAF123B3E0E}.Release|x64.Build.0 = Release|Any CPU
		{D7312869-7677-44FF-A2D6-8CAF123B3E0E}.Release|x86.ActiveCfg = Release|Any CPU
		{D7312869-7677-44FF-A2D6-8CAF123B3E0E}.Release|x86.Build.0 = Release|Any CPU
	EndGlobalSection
	GlobalSection(SolutionProperties) = preSolution
		HideSolutionNode = FALSE
	EndGlobalSection
	GlobalSection(ExtensibilityGlobals) = postSolution
		SolutionGuid = {651ECB5B-E45A-41D6-89E5-59FFF065C58B}
	EndGlobalSection
EndGlobal
